%{"briefly": {:hex, :briefly, "0.3.0", "16e6b76d2070ebc9cbd025fa85cf5dbaf52368c4bd896fb482b5a6b95a540c2f", [:mix], []},
  "bunt": {:hex, :bunt, "0.2.0", "951c6e801e8b1d2cbe58ebbd3e616a869061ddadcc4863d0a2182541acae9a38", [:mix], []},
  "credo": {:hex, :credo, "0.8.5", "3002d41c8a9452bd69cb1c217a6e17bf6fd9d8549932fe9f99a51646587c2a65", [:mix], [{:bunt, "~> 0.2.0", [hex: :bunt, optional: false]}]},
  "poison": {:hex, :poison, "2.2.0", "4763b69a8a77bd77d26f477d196428b741261a761257ff1cf92753a0d4d24a63", [:mix], []}}
